
Microsoft Visual Studio Solution File, Format Version 12.00
# Visual Studio 15
VisualStudioVersion = 15.0.26430.6
MinimumVisualStudioVersion = 10.0.40219.1
Project("{FAE04EC0-301F-11D3-BF4B-00C04F79EFBC}") = "Chapter1CodeFirst", "Chapter1\CodeFirst\Chapter1CodeFirst\Chapter1CodeFirst.csproj", "{004D89BC-EA40-4428-AE0A-ED2512BA4BC3}"
EndProject
Global
	GlobalSection(SolutionConfigurationPlatforms) = preSolution
		Debug|Any CPU = Debug|Any CPU
		Release|Any CPU = Release|Any CPU
	EndGlobalSection
	GlobalSection(ProjectConfigurationPlatforms) = postSolution
		{004D89BC-EA40-4428-AE0A-ED2512BA4BC3}.Debug|Any CPU.ActiveCfg = Debug|Any CPU
		{004D89BC-EA40-4428-AE0A-ED2512BA4BC3}.Debug|Any CPU.Build.0 = Debug|Any CPU
		{004D89BC-EA40-4428-AE0A-ED2512BA4BC3}.Release|Any CPU.ActiveCfg = Release|Any CPU
		{004D89BC-EA40-4428-AE0A-ED2512BA4BC3}.Release|Any CPU.Build.0 = Release|Any CPU
	EndGlobalSection
	GlobalSection(SolutionProperties) = preSolution
		HideSolutionNode = FALSE
	EndGlobalSection
EndGlobal
